github.com/gorilla/mux v1.8.0 h1:i40aqfkR1h2SlN9hojwV5ZA91wcXFOvkdNIeFDP5koI=
github.com/gorilla/mux v1.8.0/go.mod h1:DVbg23sWSpFRCP0SfiEN6jmj59UnW/n46BH5rLB71So=
github.com/wangyuche/practice v0.0.0-20201114084807-90574950b9d9 h1:EkKANGIL8a0jQ2l9/uS2srN628qYfO7FX+VHHfpk9lI=
github.com/wangyuche/practice/creategomodule v0.0.0-20201114084807-90574950b9d9 h1:2lC/OvOIpkkiK6Id76cra9NwpIKWuZmJFNjnPewUkDE=
github.com/wangyuche/practice/creategomodule v0.0.0-20201114084807-90574950b9d9/go.mod h1:nB/zwVrfUL1ubZERs78blOwEEiQP5K+uV2TTJi3+jVg=
